PODS:
  - AppActor (0.1.6)
  - appactor_flutter (0.0.14):
    - AppActorPlugin (= 0.1.6)
    - Flutter
  - AppActorPlugin (0.1.6):
    - AppActor (= 0.1.6)
  - Flutter (1.0.0)
  - integration_test (0.0.1):
    - Flutter

DEPENDENCIES:
  - AppActor (from `https://github.com/appactor/appactor-ios.git`, tag `0.1.6`)
  - appactor_flutter (from `.symlinks/plugins/appactor_flutter/ios`)
  - AppActorPlugin (from `https://github.com/appactor/appactor-ios.git`, tag `0.1.6`)
  - Flutter (from `Flutter`)
  - integration_test (from `.symlinks/plugins/integration_test/ios`)

EXTERNAL SOURCES:
  AppActor:
    :git: https://github.com/appactor/appactor-ios.git
    :tag: 0.1.6
  appactor_flutter:
    :path: ".symlinks/plugins/appactor_flutter/ios"
  AppActorPlugin:
    :git: https://github.com/appactor/appactor-ios.git
    :tag: 0.1.6
  Flutter:
    :path: Flutter
  integration_test:
    :path: ".symlinks/plugins/integration_test/ios"

CHECKOUT OPTIONS:
  AppActor:
    :git: https://github.com/appactor/appactor-ios.git
    :tag: 0.1.6
  AppActorPlugin:
    :git: https://github.com/appactor/appactor-ios.git
    :tag: 0.1.6

SPEC CHECKSUMS:
  AppActor: 85f71f712197555db44fbe8989d819c9c8a63c69
  appactor_flutter: a2ab280b8ff161e8046c772e741c60b52280d4a2
  AppActorPlugin: 42f2782536a0cdb53a377baf42b466c753f96235
  Flutter: cabc95a1d2626b1b06e7179b784ebcf0c0cde467
  integration_test: 4a889634ef21a45d28d50d622cf412dc6d9f586e

PODFILE CHECKSUM: c9a4af782bd07ce079fdc6296f45c9345bc6f384

COCOAPODS: 1.16.2
